
Microsoft Visual Studio Solution File, Format Version 12.00
# Visual Studio Version 17
VisualStudioVersion = 17.14.36811.4 d17.14
MinimumVisualStudioVersion = 10.0.40219.1
Project("{FAE04EC0-301F-11D3-BF4B-00C04F79EFBC}") = "3ИСиП424_Габибулаева", "3ИСиП424_Габибулаева\3ИСиП424_Габибулаева.csproj", "{A61AECD4-5AC5-4D5D-9AB9-3D7ECDF0B71B}"
EndProject
Global
	GlobalSection(SolutionConfigurationPlatforms) = preSolution
		Debug|Any CPU = Debug|Any CPU
		Release|Any CPU = Release|Any CPU
	EndGlobalSection
	GlobalSection(ProjectConfigurationPlatforms) = postSolution
		{A61AECD4-5AC5-4D5D-9AB9-3D7ECDF0B71B}.Debug|Any CPU.ActiveCfg = Debug|Any CPU
		{A61AECD4-5AC5-4D5D-9AB9-3D7ECDF0B71B}.Debug|Any CPU.Build.0 = Debug|Any CPU
		{A61AECD4-5AC5-4D5D-9AB9-3D7ECDF0B71B}.Release|Any CPU.ActiveCfg = Release|Any CPU
		{A61AECD4-5AC5-4D5D-9AB9-3D7ECDF0B71B}.Release|Any CPU.Build.0 = Release|Any CPU
	EndGlobalSection
	GlobalSection(SolutionProperties) = preSolution
		HideSolutionNode = FALSE
	EndGlobalSection
	GlobalSection(ExtensibilityGlobals) = postSolution
		SolutionGuid = {E5441F23-5E68-4DC4-9F88-03D89CB01092}
	EndGlobalSection
EndGlobal
